
Microsoft Visual Studio Solution File, Format Version 12.00
# Visual Studio Version 17
VisualStudioVersion = 17.9.34728.123
MinimumVisualStudioVersion = 10.0.40219.1
Project("{FAE04EC0-301F-11D3-BF4B-00C04F79EFBC}") = "Xadrez", "Xadrez\Xadrez.csproj", "{5F4D5FBD-DFE3-4084-A005-158029A79FDD}"
EndProject
Global
	GlobalSection(SolutionConfigurationPlatforms) = preSolution
		Debug|Any CPU = Debug|Any CPU
		Release|Any CPU = Release|Any CPU
	EndGlobalSection
	GlobalSection(ProjectConfigurationPlatforms) = postSolution
		{5F4D5FBD-DFE3-4084-A005-158029A79FDD}.Debug|Any CPU.ActiveCfg = Debug|Any CPU
		{5F4D5FBD-DFE3-4084-A005-158029A79FDD}.Debug|Any CPU.Build.0 = Debug|Any CPU
		{5F4D5FBD-DFE3-4084-A005-158029A79FDD}.Release|Any CPU.ActiveCfg = Release|Any CPU
		{5F4D5FBD-DFE3-4084-A005-158029A79FDD}.Release|Any CPU.Build.0 = Release|Any CPU
	EndGlobalSection
	GlobalSection(SolutionProperties) = preSolution
		HideSolutionNode = FALSE
	EndGlobalSection
	GlobalSection(ExtensibilityGlobals) = postSolution
		SolutionGuid = {777A7B85-F0B3-4E28-9E8E-B5B063BBD7B9}
	EndGlobalSection
EndGlobal
